
Microsoft Visual Studio Solution File, Format Version 12.00
# Visual Studio Version 16
VisualStudioVersion = 16.0.32929.386
MinimumVisualStudioVersion = 10.0.40219.1
Project("{8BC9CEB8-8B4A-11D0-8D11-00A0C91BC942}") = "Phong", "Phong\Phong.vcxproj", "{536350AC-41D4-4023-83DA-5DB43F0F9697}"
EndProject
Global
	GlobalSection(SolutionConfigurationPlatforms) = preSolution
		Debug|x64 = Debug|x64
		Debug|x86 = Debug|x86
		Release|x64 = Release|x64
		Release|x86 = Release|x86
	EndGlobalSection
	GlobalSection(ProjectConfigurationPlatforms) = postSolution
		{536350AC-41D4-4023-83DA-5DB43F0F9697}.Debug|x64.ActiveCfg = Debug|x64
		{536350AC-41D4-4023-83DA-5DB43F0F9697}.Debug|x64.Build.0 = Debug|x64
		{536350AC-41D4-4023-83DA-5DB43F0F9697}.Debug|x86.ActiveCfg = Debug|Win32
		{536350AC-41D4-4023-83DA-5DB43F0F9697}.Debug|x86.Build.0 = Debug|Win32
		{536350AC-41D4-4023-83DA-5DB43F0F9697}.Release|x64.ActiveCfg = Release|x64
		{536350AC-41D4-4023-83DA-5DB43F0F9697}.Release|x64.Build.0 = Release|x64
		{536350AC-41D4-4023-83DA-5DB43F0F9697}.Release|x86.ActiveCfg = Release|Win32
		{536350AC-41D4-4023-83DA-5DB43F0F9697}.Release|x86.Build.0 = Release|Win32
	EndGlobalSection
	GlobalSection(SolutionProperties) = preSolution
		HideSolutionNode = FALSE
	EndGlobalSection
	GlobalSection(ExtensibilityGlobals) = postSolution
		SolutionGuid = {8245A301-F260-47A9-93DE-D7397E780F46}
	EndGlobalSection
EndGlobal
